
Microsoft Visual Studio Solution File, Format Version 12.00
# Visual Studio 15
VisualStudioVersion = 15.0.26124.0
MinimumVisualStudioVersion = 15.0.26124.0
Project("{2150E333-8FDC-42A3-9474-1A3956D46DE8}") = "src", "src", "{1F16F0F1-8C2C-47DD-9D45-F42592936F07}"
EndProject
Project("{FAE04EC0-301F-11D3-BF4B-00C04F79EFBC}") = "Funani.Api", "src\Funani.Api\Funani.Api.csproj", "{1FA8961F-CA82-41D2-856A-2F3732BF2E64}"
EndProject
Project("{FAE04EC0-301F-11D3-BF4B-00C04F79EFBC}") = "Funani.Tests", "src\Funani.Tests\Funani.Tests.csproj", "{3891B3C7-89B8-4B92-8C3C-EF6DECB3D8A9}"
EndProject
Project("{FAE04EC0-301F-11D3-BF4B-00C04F79EFBC}") = "Funani.MetadataExtractor", "src\Funani.MetadataExtractor\Funani.MetadataExtractor.csproj", "{3EF8D4D7-BEFC-4772-BB18-644A89AAD1D6}"
EndProject
Project("{FAE04EC0-301F-11D3-BF4B-00C04F79EFBC}") = "Funani.MimeExtractor", "src\Funani.MimeExtractor\Funani.MimeExtractor.csproj", "{1FF9745C-1B6C-41F0-9020-50FDF2F1D1E4}"
EndProject
Project("{FAE04EC0-301F-11D3-BF4B-00C04F79EFBC}") = "Funani.Thumbnailer", "src\Funani.Thumbnailer\Funani.Thumbnailer.csproj", "{6BC99529-D712-4D7F-88F1-BE3050AB5AAF}"
EndProject
Project("{FAE04EC0-301F-11D3-BF4B-00C04F79EFBC}") = "Funani.FileStorage", "src\Funani.FileStorage\Funani.FileStorage.csproj", "{7B0E4D09-8840-4C49-B24B-52D885544421}"
EndProject
Project("{FAE04EC0-301F-11D3-BF4B-00C04F79EFBC}") = "Funani.Metadata", "src\Funani.Metadata\Funani.Metadata.csproj", "{A14F6A30-8BEC-413F-A752-89825CEBBBD4}"
EndProject
Project("{FAE04EC0-301F-11D3-BF4B-00C04F79EFBC}") = "Funani.Engine", "src\Funani.Engine\Funani.Engine.csproj", "{7613EC69-2597-445D-B026-CE9F161E92D4}"
EndProject
Global
	GlobalSection(SolutionConfigurationPlatforms) = preSolution
		Debug|Any CPU = Debug|Any CPU
		Debug|x64 = Debug|x64
		Debug|x86 = Debug|x86
		Release|Any CPU = Release|Any CPU
		Release|x64 = Release|x64
		Release|x86 = Release|x86
	EndGlobalSection
	GlobalSection(SolutionProperties) = preSolution
		HideSolutionNode = FALSE
	EndGlobalSection
	GlobalSection(ProjectConfigurationPlatforms) = postSolution
		{1FA8961F-CA82-41D2-856A-2F3732BF2E64}.Debug|Any CPU.ActiveCfg = Debug|Any CPU
		{1FA8961F-CA82-41D2-856A-2F3732BF2E64}.Debug|Any CPU.Build.0 = Debug|Any CPU
		{1FA8961F-CA82-41D2-856A-2F3732BF2E64}.Debug|x64.ActiveCfg = Debug|Any CPU
		{1FA8961F-CA82-41D2-856A-2F3732BF2E64}.Debug|x64.Build.0 = Debug|Any CPU
		{1FA8961F-CA82-41D2-856A-2F3732BF2E64}.Debug|x86.ActiveCfg = Debug|Any CPU
		{1FA8961F-CA82-41D2-856A-2F3732BF2E64}.Debug|x86.Build.0 = Debug|Any CPU
		{1FA8961F-CA82-41D2-856A-2F3732BF2E64}.Release|Any CPU.ActiveCfg = Debug|Any CPU
		{1FA8961F-CA82-41D2-856A-2F3732BF2E64}.Release|Any CPU.Build.0 = Debug|Any CPU
		{1FA8961F-CA82-41D2-856A-2F3732BF2E64}.Release|x64.ActiveCfg = Debug|Any CPU
		{1FA8961F-CA82-41D2-856A-2F3732BF2E64}.Release|x64.Build.0 = Debug|Any CPU
		{1FA8961F-CA82-41D2-856A-2F3732BF2E64}.Release|x86.ActiveCfg = Debug|Any CPU
		{1FA8961F-CA82-41D2-856A-2F3732BF2E64}.Release|x86.Build.0 = Debug|Any CPU
		{3891B3C7-89B8-4B92-8C3C-EF6DECB3D8A9}.Debug|Any CPU.ActiveCfg = Debug|Any CPU
		{3891B3C7-89B8-4B92-8C3C-EF6DECB3D8A9}.Debug|Any CPU.Build.0 = Debug|Any CPU
		{3891B3C7-89B8-4B92-8C3C-EF6DECB3D8A9}.Debug|x64.ActiveCfg = Debug|Any CPU
		{3891B3C7-89B8-4B92-8C3C-EF6DECB3D8A9}.Debug|x64.Build.0 = Debug|Any CPU
		{3891B3C7-89B8-4B92-8C3C-EF6DECB3D8A9}.Debug|x86.ActiveCfg = Debug|Any CPU
		{3891B3C7-89B8-4B92-8C3C-EF6DECB3D8A9}.Debug|x86.Build.0 = Debug|Any CPU
		{3891B3C7-89B8-4B92-8C3C-EF6DECB3D8A9}.Release|Any CPU.ActiveCfg = Release|Any CPU
		{3891B3C7-89B8-4B92-8C3C-EF6DECB3D8A9}.Release|Any CPU.Build.0 = Release|Any CPU
		{3891B3C7-89B8-4B92-8C3C-EF6DECB3D8A9}.Release|x64.ActiveCfg = Release|Any CPU
		{3891B3C7-89B8-4B92-8C3C-EF6DECB3D8A9}.Release|x64.Build.0 = Release|Any CPU
		{3891B3C7-89B8-4B92-8C3C-EF6DECB3D8A9}.Release|x86.ActiveCfg = Release|Any CPU
		{3891B3C7-89B8-4B92-8C3C-EF6DECB3D8A9}.Release|x86.Build.0 = Release|Any CPU
		{3EF8D4D7-BEFC-4772-BB18-644A89AAD1D6}.Debug|Any CPU.ActiveCfg = Debug|Any CPU
		{3EF8D4D7-BEFC-4772-BB18-644A89AAD1D6}.Debug|Any CPU.Build.0 = Debug|Any CPU
		{3EF8D4D7-BEFC-4772-BB18-644A89AAD1D6}.Debug|x64.ActiveCfg = Debug|Any CPU
		{3EF8D4D7-BEFC-4772-BB18-644A89AAD1D6}.Debug|x64.Build.0 = Debug|Any CPU
		{3EF8D4D7-BEFC-4772-BB18-644A89AAD1D6}.Debug|x86.ActiveCfg = Debug|Any CPU
		{3EF8D4D7-BEFC-4772-BB18-644A89AAD1D6}.Debug|x86.Build.0 = Debug|Any CPU
		{3EF8D4D7-BEFC-4772-BB18-644A89AAD1D6}.Release|Any CPU.ActiveCfg = Release|Any CPU
		{3EF8D4D7-BEFC-4772-BB18-644A89AAD1D6}.Release|Any CPU.Build.0 = Release|Any CPU
		{3EF8D4D7-BEFC-4772-BB18-644A89AAD1D6}.Release|x64.ActiveCfg = Release|Any CPU
		{3EF8D4D7-BEFC-4772-BB18-644A89AAD1D6}.Release|x64.Build.0 = Release|Any CPU
		{3EF8D4D7-BEFC-4772-BB18-644A89AAD1D6}.Release|x86.ActiveCfg = Release|Any CPU
		{3EF8D4D7-BEFC-4772-BB18-644A89AAD1D6}.Release|x86.Build.0 = Release|Any CPU
		{1FF9745C-1B6C-41F0-9020-50FDF2F1D1E4}.Debug|Any CPU.ActiveCfg = Debug|Any CPU
		{1FF9745C-1B6C-41F0-9020-50FDF2F1D1E4}.Debug|Any CPU.Build.0 = Debug|Any CPU
		{1FF9745C-1B6C-41F0-9020-50FDF2F1D1E4}.Debug|x64.ActiveCfg = Debug|Any CPU
		{1FF9745C-1B6C-41F0-9020-50FDF2F1D1E4}.Debug|x64.Build.0 = Debug|Any CPU
		{1FF9745C-1B6C-41F0-9020-50FDF2F1D1E4}.Debug|x86.ActiveCfg = Debug|Any CPU
		{1FF9745C-1B6C-41F0-9020-50FDF2F1D1E4}.Debug|x86.Build.0 = Debug|Any CPU
		{1FF9745C-1B6C-41F0-9020-50FDF2F1D1E4}.Release|Any CPU.ActiveCfg = Release|Any CPU
		{1FF9745C-1B6C-41F0-9020-50FDF2F1D1E4}.Release|Any CPU.Build.0 = Release|Any CPU
		{1FF9745C-1B6C-41F0-9020-50FDF2F1D1E4}.Release|x64.ActiveCfg = Release|Any CPU
		{1FF9745C-1B6C-41F0-9020-50FDF2F1D1E4}.Release|x64.Build.0 = Release|Any CPU
		{1FF9745C-1B6C-41F0-9020-50FDF2F1D1E4}.Release|x86.ActiveCfg = Release|Any CPU
		{1FF9745C-1B6C-41F0-9020-50FDF2F1D1E4}.Release|x86.Build.0 = Release|Any CPU
		{6BC99529-D712-4D7F-88F1-BE3050AB5AAF}.Debug|Any CPU.ActiveCfg = Debug|Any CPU
		{6BC99529-D712-4D7F-88F1-BE3050AB5AAF}.Debug|Any CPU.Build.0 = Debug|Any CPU
		{6BC99529-D712-4D7F-88F1-BE3050AB5AAF}.Debug|x64.ActiveCfg = Debug|Any CPU
		{6BC99529-D712-4D7F-88F1-BE3050AB5AAF}.Debug|x64.Build.0 = Debug|Any CPU
		{6BC99529-D712-4D7F-88F1-BE3050AB5AAF}.Debug|x86.ActiveCfg = Debug|Any CPU
		{6BC99529-D712-4D7F-88F1-BE3050AB5AAF}.Debug|x86.Build.0 = Debug|Any CPU
		{6BC99529-D712-4D7F-88F1-BE3050AB5AAF}.Release|Any CPU.ActiveCfg = Release|Any CPU
		{6BC99529-D712-4D7F-88F1-BE3050AB5AAF}.Release|Any CPU.Build.0 = Release|Any CPU
		{6BC99529-D712-4D7F-88F1-BE3050AB5AAF}.Release|x64.ActiveCfg = Release|Any CPU
		{6BC99529-D712-4D7F-88F1-BE3050AB5AAF}.Release|x64.Build.0 = Release|Any CPU
		{6BC99529-D712-4D7F-88F1-BE3050AB5AAF}.Release|x86.ActiveCfg = Release|Any CPU
		{6BC99529-D712-4D7F-88F1-BE3050AB5AAF}.Release|x86.Build.0 = Release|Any CPU
		{7B0E4D09-8840-4C49-B24B-52D885544421}.Debug|Any CPU.ActiveCfg = Debug|Any CPU
		{7B0E4D09-8840-4C49-B24B-52D885544421}.Debug|Any CPU.Build.0 = Debug|Any CPU
		{7B0E4D09-8840-4C49-B24B-52D885544421}.Debug|x64.ActiveCfg = Debug|Any CPU
		{7B0E4D09-8840-4C49-B24B-52D885544421}.Debug|x64.Build.0 = Debug|Any CPU
		{7B0E4D09-8840-4C49-B24B-52D885544421}.Debug|x86.ActiveCfg = Debug|Any CPU
		{7B0E4D09-8840-4C49-B24B-52D885544421}.Debug|x86.Build.0 = Debug|Any CPU
		{7B0E4D09-8840-4C49-B24B-52D885544421}.Release|Any CPU.ActiveCfg = Release|Any CPU
		{7B0E4D09-8840-4C49-B24B-52D885544421}.Release|Any CPU.Build.0 = Release|Any CPU
		{7B0E4D09-8840-4C49-B24B-52D885544421}.Release|x64.ActiveCfg = Release|Any CPU
		{7B0E4D09-8840-4C49-B24B-52D885544421}.Release|x64.Build.0 = Release|Any CPU
		{7B0E4D09-8840-4C49-B24B-52D885544421}.Release|x86.ActiveCfg = Release|Any CPU
		{7B0E4D09-8840-4C49-B24B-52D885544421}.Release|x86.Build.0 = Release|Any CPU
		{A14F6A30-8BEC-413F-A752-89825CEBBBD4}.Debug|Any CPU.ActiveCfg = Debug|Any CPU
		{A14F6A30-8BEC-413F-A752-89825CEBBBD4}.Debug|Any CPU.Build.0 = Debug|Any CPU
		{A14F6A30-8BEC-413F-A752-89825CEBBBD4}.Debug|x64.ActiveCfg = Debug|Any CPU
		{A14F6A30-8BEC-413F-A752-89825CEBBBD4}.Debug|x64.Build.0 = Debug|Any CPU
		{A14F6A30-8BEC-413F-A752-89825CEBBBD4}.Debug|x86.ActiveCfg = Debug|Any CPU
		{A14F6A30-8BEC-413F-A752-89825CEBBBD4}.Debug|x86.Build.0 = Debug|Any CPU
		{A14F6A30-8BEC-413F-A752-89825CEBBBD4}.Release|Any CPU.ActiveCfg = Release|Any CPU
		{A14F6A30-8BEC-413F-A752-89825CEBBBD4}.Release|Any CPU.Build.0 = Release|Any CPU
		{A14F6A30-8BEC-413F-A752-89825CEBBBD4}.Release|x64.ActiveCfg = Release|Any CPU
		{A14F6A30-8BEC-413F-A752-89825CEBBBD4}.Release|x64.Build.0 = Release|Any CPU
		{A14F6A30-8BEC-413F-A752-89825CEBBBD4}.Release|x86.ActiveCfg = Release|Any CPU
		{A14F6A30-8BEC-413F-A752-89825CEBBBD4}.Release|x86.Build.0 = Release|Any CPU
		{7613EC69-2597-445D-B026-CE9F161E92D4}.Debug|Any CPU.ActiveCfg = Debug|Any CPU
		{7613EC69-2597-445D-B026-CE9F161E92D4}.Debug|Any CPU.Build.0 = Debug|Any CPU
		{7613EC69-2597-445D-B026-CE9F161E92D4}.Debug|x64.ActiveCfg = Debug|Any CPU
		{7613EC69-2597-445D-B026-CE9F161E92D4}.Debug|x64.Build.0 = Debug|Any CPU
		{7613EC69-2597-445D-B026-CE9F161E92D4}.Debug|x86.ActiveCfg = Debug|Any CPU
		{7613EC69-2597-445D-B026-CE9F161E92D4}.Debug|x86.Build.0 = Debug|Any CPU
		{7613EC69-2597-445D-B026-CE9F161E92D4}.Release|Any CPU.ActiveCfg = Release|Any CPU
		{7613EC69-2597-445D-B026-CE9F161E92D4}.Release|Any CPU.Build.0 = Release|Any CPU
		{7613EC69-2597-445D-B026-CE9F161E92D4}.Release|x64.ActiveCfg = Release|Any CPU
		{7613EC69-2597-445D-B026-CE9F161E92D4}.Release|x64.Build.0 = Release|Any CPU
		{7613EC69-2597-445D-B026-CE9F161E92D4}.Release|x86.ActiveCfg = Release|Any CPU
		{7613EC69-2597-445D-B026-CE9F161E92D4}.Release|x86.Build.0 = Release|Any CPU
	EndGlobalSection
	GlobalSection(NestedProjects) = preSolution
		{1FA8961F-CA82-41D2-856A-2F3732BF2E64} = {1F16F0F1-8C2C-47DD-9D45-F42592936F07}
		{3891B3C7-89B8-4B92-8C3C-EF6DECB3D8A9} = {1F16F0F1-8C2C-47DD-9D45-F42592936F07}
		{3EF8D4D7-BEFC-4772-BB18-644A89AAD1D6} = {1F16F0F1-8C2C-47DD-9D45-F42592936F07}
		{1FF9745C-1B6C-41F0-9020-50FDF2F1D1E4} = {1F16F0F1-8C2C-47DD-9D45-F42592936F07}
		{6BC99529-D712-4D7F-88F1-BE3050AB5AAF} = {1F16F0F1-8C2C-47DD-9D45-F42592936F07}
		{7B0E4D09-8840-4C49-B24B-52D885544421} = {1F16F0F1-8C2C-47DD-9D45-F42592936F07}
		{A14F6A30-8BEC-413F-A752-89825CEBBBD4} = {1F16F0F1-8C2C-47DD-9D45-F42592936F07}
		{7613EC69-2597-445D-B026-CE9F161E92D4} = {1F16F0F1-8C2C-47DD-9D45-F42592936F07}
	EndGlobalSection
EndGlobal
