
Microsoft Visual Studio Solution File, Format Version 11.00
# Visual Studio 2010
Project("{2150E333-8FDC-42A3-9474-1A3956D46DE8}") = "3rdparty", "3rdparty", "{15E73228-F271-4960-AE32-00B16366DD40}"
EndProject
Project("{FAE04EC0-301F-11D3-BF4B-00C04F79EFBC}") = "MongoDB.Driver", "mongo-csharp-driver\MongoDB.Driver\MongoDB.Driver.csproj", "{AE5166CD-76B0-4911-BD80-CED9521F37A1}"
EndProject
Project("{FAE04EC0-301F-11D3-BF4B-00C04F79EFBC}") = "MongoDB.Bson", "mongo-csharp-driver\MongoDB.Bson\MongoDB.Bson.csproj", "{0E9A3A2A-49CD-4F6C-847C-DC79B4B65CE6}"
EndProject
Project("{FAE04EC0-301F-11D3-BF4B-00C04F79EFBC}") = "Funani.FileStorage", "Funani.FileStorage\Funani.FileStorage.csproj", "{AE28652D-3B84-4477-A119-6109619F6CD2}"
EndProject
Project("{FAE04EC0-301F-11D3-BF4B-00C04F79EFBC}") = "Funani.Api", "Funani.Api\Funani.Api.csproj", "{1FA8961F-CA82-41D2-856A-2F3732BF2E64}"
EndProject
Project("{FAE04EC0-301F-11D3-BF4B-00C04F79EFBC}") = "Funani.Metadata", "Funani.Metadata\Funani.Metadata.csproj", "{06EDE14C-9A11-4ECB-80EF-AD14AF61EAFA}"
EndProject
Project("{FAE04EC0-301F-11D3-BF4B-00C04F79EFBC}") = "Funani.Gui", "Funani.Gui\Funani.Gui.csproj", "{C95D597D-D070-430B-811B-53E5EA7C04BA}"
EndProject
Project("{FAE04EC0-301F-11D3-BF4B-00C04F79EFBC}") = "Funani.Engine", "Funani.Engine\Funani.Engine.csproj", "{5E00AF3C-5557-4619-80F0-83BCF42F1AD2}"
EndProject
Project("{FAE04EC0-301F-11D3-BF4B-00C04F79EFBC}") = "Funani.MimeExtractor", "Funani.MimeExtractor\Funani.MimeExtractor.csproj", "{C81E3F0E-F9C0-4E13-A1A7-513FDD1BDC38}"
EndProject
Project("{FAE04EC0-301F-11D3-BF4B-00C04F79EFBC}") = "Funani.Thumbnailer", "Funani.Thumbnailer\Funani.Thumbnailer.csproj", "{324A24A9-72C9-4B47-A7B2-B4420717EE53}"
EndProject
Project("{2150E333-8FDC-42A3-9474-1A3956D46DE8}") = "Libraries", "Libraries", "{DFF73DE4-5DA7-45DF-9BA9-3924991C944E}"
EndProject
Project("{2150E333-8FDC-42A3-9474-1A3956D46DE8}") = "Backend", "Backend", "{BB4DB62D-210F-4534-83A9-C6DFCCAAB816}"
EndProject
Project("{2150E333-8FDC-42A3-9474-1A3956D46DE8}") = "Plugins", "Plugins", "{D520FC28-70C3-4472-8F8C-328EDCCA06A0}"
EndProject
Project("{FAE04EC0-301F-11D3-BF4B-00C04F79EFBC}") = "Funani.MetadataExtractor", "Funani.MetadataExtractor\Funani.MetadataExtractor.csproj", "{0D47F911-0867-434B-9CDB-F3B8FE0062CA}"
EndProject
Global
	GlobalSection(SolutionConfigurationPlatforms) = preSolution
		Debug|Any CPU = Debug|Any CPU
		Debug|Mixed Platforms = Debug|Mixed Platforms
		Debug|x86 = Debug|x86
		Release|Any CPU = Release|Any CPU
		Release|Mixed Platforms = Release|Mixed Platforms
		Release|x86 = Release|x86
	EndGlobalSection
	GlobalSection(ProjectConfigurationPlatforms) = postSolution
		{AE5166CD-76B0-4911-BD80-CED9521F37A1}.Debug|Any CPU.ActiveCfg = Debug|Any CPU
		{AE5166CD-76B0-4911-BD80-CED9521F37A1}.Debug|Any CPU.Build.0 = Debug|Any CPU
		{AE5166CD-76B0-4911-BD80-CED9521F37A1}.Debug|Mixed Platforms.ActiveCfg = Debug|Any CPU
		{AE5166CD-76B0-4911-BD80-CED9521F37A1}.Debug|Mixed Platforms.Build.0 = Debug|Any CPU
		{AE5166CD-76B0-4911-BD80-CED9521F37A1}.Debug|x86.ActiveCfg = Debug|Any CPU
		{AE5166CD-76B0-4911-BD80-CED9521F37A1}.Debug|x86.Build.0 = Debug|Any CPU
		{AE5166CD-76B0-4911-BD80-CED9521F37A1}.Release|Any CPU.ActiveCfg = Release|Any CPU
		{AE5166CD-76B0-4911-BD80-CED9521F37A1}.Release|Any CPU.Build.0 = Release|Any CPU
		{AE5166CD-76B0-4911-BD80-CED9521F37A1}.Release|Mixed Platforms.ActiveCfg = Release|Any CPU
		{AE5166CD-76B0-4911-BD80-CED9521F37A1}.Release|Mixed Platforms.Build.0 = Release|Any CPU
		{AE5166CD-76B0-4911-BD80-CED9521F37A1}.Release|x86.ActiveCfg = Release|Any CPU
		{AE5166CD-76B0-4911-BD80-CED9521F37A1}.Release|x86.Build.0 = Release|Any CPU
		{0E9A3A2A-49CD-4F6C-847C-DC79B4B65CE6}.Debug|Any CPU.ActiveCfg = Debug|Any CPU
		{0E9A3A2A-49CD-4F6C-847C-DC79B4B65CE6}.Debug|Any CPU.Build.0 = Debug|Any CPU
		{0E9A3A2A-49CD-4F6C-847C-DC79B4B65CE6}.Debug|Mixed Platforms.ActiveCfg = Debug|Any CPU
		{0E9A3A2A-49CD-4F6C-847C-DC79B4B65CE6}.Debug|Mixed Platforms.Build.0 = Debug|Any CPU
		{0E9A3A2A-49CD-4F6C-847C-DC79B4B65CE6}.Debug|x86.ActiveCfg = Debug|Any CPU
		{0E9A3A2A-49CD-4F6C-847C-DC79B4B65CE6}.Debug|x86.Build.0 = Debug|Any CPU
		{0E9A3A2A-49CD-4F6C-847C-DC79B4B65CE6}.Release|Any CPU.ActiveCfg = Release|Any CPU
		{0E9A3A2A-49CD-4F6C-847C-DC79B4B65CE6}.Release|Any CPU.Build.0 = Release|Any CPU
		{0E9A3A2A-49CD-4F6C-847C-DC79B4B65CE6}.Release|Mixed Platforms.ActiveCfg = Release|Any CPU
		{0E9A3A2A-49CD-4F6C-847C-DC79B4B65CE6}.Release|Mixed Platforms.Build.0 = Release|Any CPU
		{0E9A3A2A-49CD-4F6C-847C-DC79B4B65CE6}.Release|x86.ActiveCfg = Release|Any CPU
		{0E9A3A2A-49CD-4F6C-847C-DC79B4B65CE6}.Release|x86.Build.0 = Release|Any CPU
		{AE28652D-3B84-4477-A119-6109619F6CD2}.Debug|Any CPU.ActiveCfg = Debug|Any CPU
		{AE28652D-3B84-4477-A119-6109619F6CD2}.Debug|Any CPU.Build.0 = Debug|Any CPU
		{AE28652D-3B84-4477-A119-6109619F6CD2}.Debug|Mixed Platforms.ActiveCfg = Debug|Any CPU
		{AE28652D-3B84-4477-A119-6109619F6CD2}.Debug|Mixed Platforms.Build.0 = Debug|Any CPU
		{AE28652D-3B84-4477-A119-6109619F6CD2}.Debug|x86.ActiveCfg = Debug|Any CPU
		{AE28652D-3B84-4477-A119-6109619F6CD2}.Release|Any CPU.ActiveCfg = Release|Any CPU
		{AE28652D-3B84-4477-A119-6109619F6CD2}.Release|Any CPU.Build.0 = Release|Any CPU
		{AE28652D-3B84-4477-A119-6109619F6CD2}.Release|Mixed Platforms.ActiveCfg = Release|Any CPU
		{AE28652D-3B84-4477-A119-6109619F6CD2}.Release|Mixed Platforms.Build.0 = Release|Any CPU
		{AE28652D-3B84-4477-A119-6109619F6CD2}.Release|x86.ActiveCfg = Release|Any CPU
		{1FA8961F-CA82-41D2-856A-2F3732BF2E64}.Debug|Any CPU.ActiveCfg = Debug|x86
		{1FA8961F-CA82-41D2-856A-2F3732BF2E64}.Debug|Any CPU.Build.0 = Debug|x86
		{1FA8961F-CA82-41D2-856A-2F3732BF2E64}.Debug|Mixed Platforms.ActiveCfg = Debug|x86
		{1FA8961F-CA82-41D2-856A-2F3732BF2E64}.Debug|Mixed Platforms.Build.0 = Debug|x86
		{1FA8961F-CA82-41D2-856A-2F3732BF2E64}.Debug|x86.ActiveCfg = Debug|x86
		{1FA8961F-CA82-41D2-856A-2F3732BF2E64}.Debug|x86.Build.0 = Debug|x86
		{1FA8961F-CA82-41D2-856A-2F3732BF2E64}.Release|Any CPU.ActiveCfg = Release|x86
		{1FA8961F-CA82-41D2-856A-2F3732BF2E64}.Release|Any CPU.Build.0 = Release|x86
		{1FA8961F-CA82-41D2-856A-2F3732BF2E64}.Release|Mixed Platforms.ActiveCfg = Release|x86
		{1FA8961F-CA82-41D2-856A-2F3732BF2E64}.Release|Mixed Platforms.Build.0 = Release|x86
		{1FA8961F-CA82-41D2-856A-2F3732BF2E64}.Release|x86.ActiveCfg = Release|x86
		{1FA8961F-CA82-41D2-856A-2F3732BF2E64}.Release|x86.Build.0 = Release|x86
		{06EDE14C-9A11-4ECB-80EF-AD14AF61EAFA}.Debug|Any CPU.ActiveCfg = Debug|Any CPU
		{06EDE14C-9A11-4ECB-80EF-AD14AF61EAFA}.Debug|Any CPU.Build.0 = Debug|Any CPU
		{06EDE14C-9A11-4ECB-80EF-AD14AF61EAFA}.Debug|Mixed Platforms.ActiveCfg = Debug|Any CPU
		{06EDE14C-9A11-4ECB-80EF-AD14AF61EAFA}.Debug|Mixed Platforms.Build.0 = Debug|Any CPU
		{06EDE14C-9A11-4ECB-80EF-AD14AF61EAFA}.Debug|x86.ActiveCfg = Debug|Any CPU
		{06EDE14C-9A11-4ECB-80EF-AD14AF61EAFA}.Debug|x86.Build.0 = Debug|Any CPU
		{06EDE14C-9A11-4ECB-80EF-AD14AF61EAFA}.Release|Any CPU.ActiveCfg = Release|Any CPU
		{06EDE14C-9A11-4ECB-80EF-AD14AF61EAFA}.Release|Any CPU.Build.0 = Release|Any CPU
		{06EDE14C-9A11-4ECB-80EF-AD14AF61EAFA}.Release|Mixed Platforms.ActiveCfg = Release|Any CPU
		{06EDE14C-9A11-4ECB-80EF-AD14AF61EAFA}.Release|Mixed Platforms.Build.0 = Release|Any CPU
		{06EDE14C-9A11-4ECB-80EF-AD14AF61EAFA}.Release|x86.ActiveCfg = Release|Any CPU
		{06EDE14C-9A11-4ECB-80EF-AD14AF61EAFA}.Release|x86.Build.0 = Release|Any CPU
		{C95D597D-D070-430B-811B-53E5EA7C04BA}.Debug|Any CPU.ActiveCfg = Debug|x86
		{C95D597D-D070-430B-811B-53E5EA7C04BA}.Debug|Mixed Platforms.ActiveCfg = Debug|x86
		{C95D597D-D070-430B-811B-53E5EA7C04BA}.Debug|Mixed Platforms.Build.0 = Debug|x86
		{C95D597D-D070-430B-811B-53E5EA7C04BA}.Debug|x86.ActiveCfg = Debug|x86
		{C95D597D-D070-430B-811B-53E5EA7C04BA}.Debug|x86.Build.0 = Debug|x86
		{C95D597D-D070-430B-811B-53E5EA7C04BA}.Release|Any CPU.ActiveCfg = Release|x86
		{C95D597D-D070-430B-811B-53E5EA7C04BA}.Release|Mixed Platforms.ActiveCfg = Release|x86
		{C95D597D-D070-430B-811B-53E5EA7C04BA}.Release|Mixed Platforms.Build.0 = Release|x86
		{C95D597D-D070-430B-811B-53E5EA7C04BA}.Release|x86.ActiveCfg = Release|x86
		{C95D597D-D070-430B-811B-53E5EA7C04BA}.Release|x86.Build.0 = Release|x86
		{5E00AF3C-5557-4619-80F0-83BCF42F1AD2}.Debug|Any CPU.ActiveCfg = Debug|Any CPU
		{5E00AF3C-5557-4619-80F0-83BCF42F1AD2}.Debug|Any CPU.Build.0 = Debug|Any CPU
		{5E00AF3C-5557-4619-80F0-83BCF42F1AD2}.Debug|Mixed Platforms.ActiveCfg = Debug|Any CPU
		{5E00AF3C-5557-4619-80F0-83BCF42F1AD2}.Debug|Mixed Platforms.Build.0 = Debug|Any CPU
		{5E00AF3C-5557-4619-80F0-83BCF42F1AD2}.Debug|x86.ActiveCfg = Debug|Any CPU
		{5E00AF3C-5557-4619-80F0-83BCF42F1AD2}.Release|Any CPU.ActiveCfg = Release|Any CPU
		{5E00AF3C-5557-4619-80F0-83BCF42F1AD2}.Release|Any CPU.Build.0 = Release|Any CPU
		{5E00AF3C-5557-4619-80F0-83BCF42F1AD2}.Release|Mixed Platforms.ActiveCfg = Release|Any CPU
		{5E00AF3C-5557-4619-80F0-83BCF42F1AD2}.Release|Mixed Platforms.Build.0 = Release|Any CPU
		{5E00AF3C-5557-4619-80F0-83BCF42F1AD2}.Release|x86.ActiveCfg = Release|Any CPU
		{C81E3F0E-F9C0-4E13-A1A7-513FDD1BDC38}.Debug|Any CPU.ActiveCfg = Debug|Any CPU
		{C81E3F0E-F9C0-4E13-A1A7-513FDD1BDC38}.Debug|Any CPU.Build.0 = Debug|Any CPU
		{C81E3F0E-F9C0-4E13-A1A7-513FDD1BDC38}.Debug|Mixed Platforms.ActiveCfg = Debug|Any CPU
		{C81E3F0E-F9C0-4E13-A1A7-513FDD1BDC38}.Debug|Mixed Platforms.Build.0 = Debug|Any CPU
		{C81E3F0E-F9C0-4E13-A1A7-513FDD1BDC38}.Debug|x86.ActiveCfg = Debug|Any CPU
		{C81E3F0E-F9C0-4E13-A1A7-513FDD1BDC38}.Release|Any CPU.ActiveCfg = Release|Any CPU
		{C81E3F0E-F9C0-4E13-A1A7-513FDD1BDC38}.Release|Any CPU.Build.0 = Release|Any CPU
		{C81E3F0E-F9C0-4E13-A1A7-513FDD1BDC38}.Release|Mixed Platforms.ActiveCfg = Release|Any CPU
		{C81E3F0E-F9C0-4E13-A1A7-513FDD1BDC38}.Release|Mixed Platforms.Build.0 = Release|Any CPU
		{C81E3F0E-F9C0-4E13-A1A7-513FDD1BDC38}.Release|x86.ActiveCfg = Release|Any CPU
		{324A24A9-72C9-4B47-A7B2-B4420717EE53}.Debug|Any CPU.ActiveCfg = Debug|Any CPU
		{324A24A9-72C9-4B47-A7B2-B4420717EE53}.Debug|Any CPU.Build.0 = Debug|Any CPU
		{324A24A9-72C9-4B47-A7B2-B4420717EE53}.Debug|Mixed Platforms.ActiveCfg = Debug|Any CPU
		{324A24A9-72C9-4B47-A7B2-B4420717EE53}.Debug|Mixed Platforms.Build.0 = Debug|Any CPU
		{324A24A9-72C9-4B47-A7B2-B4420717EE53}.Debug|x86.ActiveCfg = Debug|Any CPU
		{324A24A9-72C9-4B47-A7B2-B4420717EE53}.Release|Any CPU.ActiveCfg = Release|Any CPU
		{324A24A9-72C9-4B47-A7B2-B4420717EE53}.Release|Any CPU.Build.0 = Release|Any CPU
		{324A24A9-72C9-4B47-A7B2-B4420717EE53}.Release|Mixed Platforms.ActiveCfg = Release|Any CPU
		{324A24A9-72C9-4B47-A7B2-B4420717EE53}.Release|Mixed Platforms.Build.0 = Release|Any CPU
		{324A24A9-72C9-4B47-A7B2-B4420717EE53}.Release|x86.ActiveCfg = Release|Any CPU
		{0D47F911-0867-434B-9CDB-F3B8FE0062CA}.Debug|Any CPU.ActiveCfg = Debug|Any CPU
		{0D47F911-0867-434B-9CDB-F3B8FE0062CA}.Debug|Any CPU.Build.0 = Debug|Any CPU
		{0D47F911-0867-434B-9CDB-F3B8FE0062CA}.Debug|Mixed Platforms.ActiveCfg = Debug|Any CPU
		{0D47F911-0867-434B-9CDB-F3B8FE0062CA}.Debug|Mixed Platforms.Build.0 = Debug|Any CPU
		{0D47F911-0867-434B-9CDB-F3B8FE0062CA}.Debug|x86.ActiveCfg = Debug|Any CPU
		{0D47F911-0867-434B-9CDB-F3B8FE0062CA}.Release|Any CPU.ActiveCfg = Release|Any CPU
		{0D47F911-0867-434B-9CDB-F3B8FE0062CA}.Release|Any CPU.Build.0 = Release|Any CPU
		{0D47F911-0867-434B-9CDB-F3B8FE0062CA}.Release|Mixed Platforms.ActiveCfg = Release|Any CPU
		{0D47F911-0867-434B-9CDB-F3B8FE0062CA}.Release|Mixed Platforms.Build.0 = Release|Any CPU
		{0D47F911-0867-434B-9CDB-F3B8FE0062CA}.Release|x86.ActiveCfg = Release|Any CPU
	EndGlobalSection
	GlobalSection(SolutionProperties) = preSolution
		HideSolutionNode = FALSE
	EndGlobalSection
	GlobalSection(NestedProjects) = preSolution
		{AE5166CD-76B0-4911-BD80-CED9521F37A1} = {15E73228-F271-4960-AE32-00B16366DD40}
		{0E9A3A2A-49CD-4F6C-847C-DC79B4B65CE6} = {15E73228-F271-4960-AE32-00B16366DD40}
		{324A24A9-72C9-4B47-A7B2-B4420717EE53} = {DFF73DE4-5DA7-45DF-9BA9-3924991C944E}
		{C81E3F0E-F9C0-4E13-A1A7-513FDD1BDC38} = {DFF73DE4-5DA7-45DF-9BA9-3924991C944E}
		{0D47F911-0867-434B-9CDB-F3B8FE0062CA} = {DFF73DE4-5DA7-45DF-9BA9-3924991C944E}
		{AE28652D-3B84-4477-A119-6109619F6CD2} = {BB4DB62D-210F-4534-83A9-C6DFCCAAB816}
		{06EDE14C-9A11-4ECB-80EF-AD14AF61EAFA} = {BB4DB62D-210F-4534-83A9-C6DFCCAAB816}
	EndGlobalSection
EndGlobal
